
Microsoft Visual Studio Solution File, Format Version 12.00
# Visual Studio Version 16
VisualStudioVersion = 16.0.29911.84
MinimumVisualStudioVersion = 10.0.40219.1
Project("{FAE04EC0-301F-11D3-BF4B-00C04F79EFBC}") = "Chapter3", "Chapter3\Chapter3.csproj", "{A8C858DF-EBD9-4EA2-80AB-9477C1DFF651}"
EndProject
Project("{FAE04EC0-301F-11D3-BF4B-00C04F79EFBC}") = "Chapter4", "Chapter4\Chapter4.csproj", "{18C8E243-F510-4FA9-B66F-D5FBF8881116}"
EndProject
Project("{FAE04EC0-301F-11D3-BF4B-00C04F79EFBC}") = "Chapter5", "Chapter5\Chapter5.csproj", "{BCE4FCE0-C4CD-4893-939A-0D728AF9DCB0}"
EndProject
Project("{FAE04EC0-301F-11D3-BF4B-00C04F79EFBC}") = "Chapter6", "Chapter6\Chapter6.csproj", "{F6975933-A34A-4AD5-A0FA-080A3D5D4240}"
EndProject
Project("{FAE04EC0-301F-11D3-BF4B-00C04F79EFBC}") = "Chapter7", "Chapter7\Chapter7.csproj", "{671B86A6-04FF-40E3-86F2-3F18E2446582}"
EndProject
Global
	GlobalSection(SolutionConfigurationPlatforms) = preSolution
		Debug|Any CPU = Debug|Any CPU
		Release|Any CPU = Release|Any CPU
	EndGlobalSection
	GlobalSection(ProjectConfigurationPlatforms) = postSolution
		{A8C858DF-EBD9-4EA2-80AB-9477C1DFF651}.Debug|Any CPU.ActiveCfg = Debug|Any CPU
		{A8C858DF-EBD9-4EA2-80AB-9477C1DFF651}.Debug|Any CPU.Build.0 = Debug|Any CPU
		{A8C858DF-EBD9-4EA2-80AB-9477C1DFF651}.Release|Any CPU.ActiveCfg = Release|Any CPU
		{A8C858DF-EBD9-4EA2-80AB-9477C1DFF651}.Release|Any CPU.Build.0 = Release|Any CPU
		{18C8E243-F510-4FA9-B66F-D5FBF8881116}.Debug|Any CPU.ActiveCfg = Debug|Any CPU
		{18C8E243-F510-4FA9-B66F-D5FBF8881116}.Debug|Any CPU.Build.0 = Debug|Any CPU
		{18C8E243-F510-4FA9-B66F-D5FBF8881116}.Release|Any CPU.ActiveCfg = Release|Any CPU
		{18C8E243-F510-4FA9-B66F-D5FBF8881116}.Release|Any CPU.Build.0 = Release|Any CPU
		{BCE4FCE0-C4CD-4893-939A-0D728AF9DCB0}.Debug|Any CPU.ActiveCfg = Debug|Any CPU
		{BCE4FCE0-C4CD-4893-939A-0D728AF9DCB0}.Debug|Any CPU.Build.0 = Debug|Any CPU
		{BCE4FCE0-C4CD-4893-939A-0D728AF9DCB0}.Release|Any CPU.ActiveCfg = Release|Any CPU
		{BCE4FCE0-C4CD-4893-939A-0D728AF9DCB0}.Release|Any CPU.Build.0 = Release|Any CPU
		{F6975933-A34A-4AD5-A0FA-080A3D5D4240}.Debug|Any CPU.ActiveCfg = Debug|Any CPU
		{F6975933-A34A-4AD5-A0FA-080A3D5D4240}.Debug|Any CPU.Build.0 = Debug|Any CPU
		{F6975933-A34A-4AD5-A0FA-080A3D5D4240}.Release|Any CPU.ActiveCfg = Release|Any CPU
		{F6975933-A34A-4AD5-A0FA-080A3D5D4240}.Release|Any CPU.Build.0 = Release|Any CPU
		{671B86A6-04FF-40E3-86F2-3F18E2446582}.Debug|Any CPU.ActiveCfg = Debug|Any CPU
		{671B86A6-04FF-40E3-86F2-3F18E2446582}.Debug|Any CPU.Build.0 = Debug|Any CPU
		{671B86A6-04FF-40E3-86F2-3F18E2446582}.Release|Any CPU.ActiveCfg = Release|Any CPU
		{671B86A6-04FF-40E3-86F2-3F18E2446582}.Release|Any CPU.Build.0 = Release|Any CPU
	EndGlobalSection
	GlobalSection(SolutionProperties) = preSolution
		HideSolutionNode = FALSE
	EndGlobalSection
	GlobalSection(ExtensibilityGlobals) = postSolution
		SolutionGuid = {E8E7ACAE-D6A6-4EAB-90BE-0D7DA88EDF02}
	EndGlobalSection
EndGlobal
